Microsoft Visual Studio Solution File, Format Version 12.00
# Visual Studio 2012
Project("{FAE04EC0-301F-11D3-BF4B-00C04F79EFBC}") = "01_clicker_stardust", "01_clicker_stardust.csproj", "{593DD02E-26F9-4530-A058-438B6FBAD05B}"
EndProject
Global
	GlobalSection(SolutionConfigurationPlatforms) = preSolution
	Debug|Any CPU = Debug|Any CPU
	ExportDebug|Any CPU = ExportDebug|Any CPU
	ExportRelease|Any CPU = ExportRelease|Any CPU
	EndGlobalSection
	GlobalSection(ProjectConfigurationPlatforms) = postSolution
		{593DD02E-26F9-4530-A058-438B6FBAD05B}.Debug|Any CPU.ActiveCfg = Debug|Any CPU
		{593DD02E-26F9-4530-A058-438B6FBAD05B}.Debug|Any CPU.Build.0 = Debug|Any CPU
		{593DD02E-26F9-4530-A058-438B6FBAD05B}.ExportDebug|Any CPU.ActiveCfg = ExportDebug|Any CPU
		{593DD02E-26F9-4530-A058-438B6FBAD05B}.ExportDebug|Any CPU.Build.0 = ExportDebug|Any CPU
		{593DD02E-26F9-4530-A058-438B6FBAD05B}.ExportRelease|Any CPU.ActiveCfg = ExportRelease|Any CPU
		{593DD02E-26F9-4530-A058-438B6FBAD05B}.ExportRelease|Any CPU.Build.0 = ExportRelease|Any CPU
	EndGlobalSection
EndGlobal
